
Microsoft Visual Studio Solution File, Format Version 12.00
# Visual Studio Version 17
VisualStudioVersion = 17.14.36915.13
MinimumVisualStudioVersion = 10.0.40219.1
Project("{FAE04EC0-301F-11D3-BF4B-00C04F79EFBC}") = "NorthWind.Membership.Entities", "NorthWind.Membership.Entities\NorthWind.Membership.Entities.csproj", "{BF2214EB-A55B-4780-9005-E5525EB74C2E}"
EndProject
Project("{FAE04EC0-301F-11D3-BF4B-00C04F79EFBC}") = "NorthWind.Membership.Backend.Core", "NorthWind.Membership.Backend.Core\NorthWind.Membership.Backend.Core.csproj", "{E01ADE8C-71D7-4BDD-A34B-E088D6235394}"
EndProject
Project("{FAE04EC0-301F-11D3-BF4B-00C04F79EFBC}") = "NorthWind.Membership.Backend.AspNetIdentity", "NorthWind.Membership.Backend.AspNetIdentity\NorthWind.Membership.Backend.AspNetIdentity.csproj", "{F1B26992-3422-4744-83D0-B2F3BFF209CF}"
EndProject
Global
	GlobalSection(SolutionConfigurationPlatforms) = preSolution
		Debug|Any CPU = Debug|Any CPU
		Release|Any CPU = Release|Any CPU
	EndGlobalSection
	GlobalSection(ProjectConfigurationPlatforms) = postSolution
		{BF2214EB-A55B-4780-9005-E5525EB74C2E}.Debug|Any CPU.ActiveCfg = Debug|Any CPU
		{BF2214EB-A55B-4780-9005-E5525EB74C2E}.Debug|Any CPU.Build.0 = Debug|Any CPU
		{BF2214EB-A55B-4780-9005-E5525EB74C2E}.Release|Any CPU.ActiveCfg = Release|Any CPU
		{BF2214EB-A55B-4780-9005-E5525EB74C2E}.Release|Any CPU.Build.0 = Release|Any CPU
		{E01ADE8C-71D7-4BDD-A34B-E088D6235394}.Debug|Any CPU.ActiveCfg = Debug|Any CPU
		{E01ADE8C-71D7-4BDD-A34B-E088D6235394}.Debug|Any CPU.Build.0 = Debug|Any CPU
		{E01ADE8C-71D7-4BDD-A34B-E088D6235394}.Release|Any CPU.ActiveCfg = Release|Any CPU
		{E01ADE8C-71D7-4BDD-A34B-E088D6235394}.Release|Any CPU.Build.0 = Release|Any CPU
		{F1B26992-3422-4744-83D0-B2F3BFF209CF}.Debug|Any CPU.ActiveCfg = Debug|Any CPU
		{F1B26992-3422-4744-83D0-B2F3BFF209CF}.Debug|Any CPU.Build.0 = Debug|Any CPU
		{F1B26992-3422-4744-83D0-B2F3BFF209CF}.Release|Any CPU.ActiveCfg = Release|Any CPU
		{F1B26992-3422-4744-83D0-B2F3BFF209CF}.Release|Any CPU.Build.0 = Release|Any CPU
	EndGlobalSection
	GlobalSection(SolutionProperties) = preSolution
		HideSolutionNode = FALSE
	EndGlobalSection
	GlobalSection(ExtensibilityGlobals) = postSolution
		SolutionGuid = {F79EFD45-5DB1-4267-B305-89CE3A72335B}
	EndGlobalSection
EndGlobal
